
Microsoft Visual Studio Solution File, Format Version 12.00
# Visual Studio Version 16
VisualStudioVersion = 16.0.31112.23
MinimumVisualStudioVersion = 10.0.40219.1
Project("{9A19103F-16F7-4668-BE54-9A1E7A4F7556}") = "Assignment1", "Assignment1\Assignment1.csproj", "{94251970-9D6E-46EB-BA75-434E1487B6AA}"
EndProject
Project("{9A19103F-16F7-4668-BE54-9A1E7A4F7556}") = "Data", "Data\Data.csproj", "{2553720F-982E-4B8A-8EC8-BBA546C641F4}"
EndProject
Project("{9A19103F-16F7-4668-BE54-9A1E7A4F7556}") = "LoginService", "LoginService\LoginService.csproj", "{F66D4B19-EEBC-4C14-ACE5-FC472B95D5D1}"
EndProject
Project("{9A19103F-16F7-4668-BE54-9A1E7A4F7556}") = "AccountService", "AccountService\AccountService.csproj", "{C3E315F0-FF34-411E-9906-169E447163D3}"
EndProject
Project("{FAE04EC0-301F-11D3-BF4B-00C04F79EFBC}") = "Common", "Common\Common.csproj", "{3E8B04B4-F0F6-4FD7-8C9B-841107C685D9}"
EndProject
Global
	GlobalSection(SolutionConfigurationPlatforms) = preSolution
		Debug|Any CPU = Debug|Any CPU
		Release|Any CPU = Release|Any CPU
	EndGlobalSection
	GlobalSection(ProjectConfigurationPlatforms) = postSolution
		{94251970-9D6E-46EB-BA75-434E1487B6AA}.Debug|Any CPU.ActiveCfg = Debug|Any CPU
		{94251970-9D6E-46EB-BA75-434E1487B6AA}.Debug|Any CPU.Build.0 = Debug|Any CPU
		{94251970-9D6E-46EB-BA75-434E1487B6AA}.Release|Any CPU.ActiveCfg = Release|Any CPU
		{94251970-9D6E-46EB-BA75-434E1487B6AA}.Release|Any CPU.Build.0 = Release|Any CPU
		{2553720F-982E-4B8A-8EC8-BBA546C641F4}.Debug|Any CPU.ActiveCfg = Debug|Any CPU
		{2553720F-982E-4B8A-8EC8-BBA546C641F4}.Debug|Any CPU.Build.0 = Debug|Any CPU
		{2553720F-982E-4B8A-8EC8-BBA546C641F4}.Release|Any CPU.ActiveCfg = Release|Any CPU
		{2553720F-982E-4B8A-8EC8-BBA546C641F4}.Release|Any CPU.Build.0 = Release|Any CPU
		{F66D4B19-EEBC-4C14-ACE5-FC472B95D5D1}.Debug|Any CPU.ActiveCfg = Debug|Any CPU
		{F66D4B19-EEBC-4C14-ACE5-FC472B95D5D1}.Debug|Any CPU.Build.0 = Debug|Any CPU
		{F66D4B19-EEBC-4C14-ACE5-FC472B95D5D1}.Release|Any CPU.ActiveCfg = Release|Any CPU
		{F66D4B19-EEBC-4C14-ACE5-FC472B95D5D1}.Release|Any CPU.Build.0 = Release|Any CPU
		{C3E315F0-FF34-411E-9906-169E447163D3}.Debug|Any CPU.ActiveCfg = Debug|Any CPU
		{C3E315F0-FF34-411E-9906-169E447163D3}.Debug|Any CPU.Build.0 = Debug|Any CPU
		{C3E315F0-FF34-411E-9906-169E447163D3}.Release|Any CPU.ActiveCfg = Release|Any CPU
		{C3E315F0-FF34-411E-9906-169E447163D3}.Release|Any CPU.Build.0 = Release|Any CPU
		{3E8B04B4-F0F6-4FD7-8C9B-841107C685D9}.Debug|Any CPU.ActiveCfg = Debug|Any CPU
		{3E8B04B4-F0F6-4FD7-8C9B-841107C685D9}.Debug|Any CPU.Build.0 = Debug|Any CPU
		{3E8B04B4-F0F6-4FD7-8C9B-841107C685D9}.Release|Any CPU.ActiveCfg = Release|Any CPU
		{3E8B04B4-F0F6-4FD7-8C9B-841107C685D9}.Release|Any CPU.Build.0 = Release|Any CPU
	EndGlobalSection
	GlobalSection(SolutionProperties) = preSolution
		HideSolutionNode = FALSE
	EndGlobalSection
	GlobalSection(ExtensibilityGlobals) = postSolution
		SolutionGuid = {8E7D4890-F491-49AE-BAB1-4DF7068A8FA7}
	EndGlobalSection
EndGlobal
